
Microsoft Visual Studio Solution File, Format Version 12.00
# Visual Studio 15
VisualStudioVersion = 15.0.28307.329
MinimumVisualStudioVersion = 10.0.40219.1
Project("{2150E333-8FDC-42A3-9474-1A3956D46DE8}") = "数据结构", "数据结构", "{D980E2D2-7936-4E28-A636-56041A9C030F}"
EndProject
Project("{2150E333-8FDC-42A3-9474-1A3956D46DE8}") = "算法", "算法", "{2F29F529-1310-4A5B-A3EA-54E381122C73}"
EndProject
Project("{8BC9CEB8-8B4A-11D0-8D11-00A0C91BC942}") = "2 查找", "查找\查找.vcxproj", "{B52B7614-AA24-4406-BD25-A8B81C54B14B}"
EndProject
Project("{8BC9CEB8-8B4A-11D0-8D11-00A0C91BC942}") = "1 排序", "排序\排序.vcxproj", "{833A2EBA-8C01-406B-ACAC-B78ED6D7CE32}"
EndProject
Project("{2150E333-8FDC-42A3-9474-1A3956D46DE8}") = "1 链表", "1 链表", "{5CE482B5-8C4E-49C2-95F4-7DE106D62838}"
EndProject
Project("{8BC9CEB8-8B4A-11D0-8D11-00A0C91BC942}") = "1 线性表顺序存储设计与实现", "线性表顺序存储设计与实现\线性表顺序存储设计与实现.vcxproj", "{CC2AF4B7-9737-4FE4-AACF-7FD7406DE103}"
EndProject
Project("{8BC9CEB8-8B4A-11D0-8D11-00A0C91BC942}") = "2 线性表链式存储设计与实现", "线性表链式存储设计与实现\线性表链式存储设计与实现.vcxproj", "{7AD47C88-79DD-4296-98F2-B5CC6DD1E4E7}"
EndProject
Project("{8BC9CEB8-8B4A-11D0-8D11-00A0C91BC942}") = "3 循环链表设计与实现", "循环链表设计与实现\循环链表设计与实现.vcxproj", "{A95CDD78-D3DE-4F86-83F6-783D485EC14A}"
EndProject
Project("{8BC9CEB8-8B4A-11D0-8D11-00A0C91BC942}") = "5 双向循环链表设计与实现", "双向循环链表设计与实现\双向循环链表设计与实现.vcxproj", "{54C2522E-9A7A-4C6A-9A2F-3EA8F5211229}"
EndProject
Project("{2150E333-8FDC-42A3-9474-1A3956D46DE8}") = "项目", "项目", "{DC6B6CD9-2398-48AB-8BA3-F3CA9DFD8B65}"
EndProject
Project("{2150E333-8FDC-42A3-9474-1A3956D46DE8}") = "广州南方数码科技股份有限公司", "广州南方数码科技股份有限公司", "{9EA2CEA7-E26C-4BBF-B12D-183A03A9E6AF}"
EndProject
Project("{8BC9CEB8-8B4A-11D0-8D11-00A0C91BC942}") = "4 双向链表设计与实现", "双向链表设计与实现\双向链表设计与实现.vcxproj", "{B74E0A8E-EC45-4410-A3C1-D73791C2989D}"
EndProject
Project("{2150E333-8FDC-42A3-9474-1A3956D46DE8}") = "2 栈", "2 栈", "{C43F7F65-7E6E-442E-BFD4-BE839C70058E}"
EndProject
Project("{8BC9CEB8-8B4A-11D0-8D11-00A0C91BC942}") = "1 栈的顺序存储设计与实现", "栈的顺序存储设计与实现\栈的顺序存储设计与实现.vcxproj", "{A177A9B7-BBD7-4490-9B7A-87FF65FB554B}"
EndProject
Project("{8BC9CEB8-8B4A-11D0-8D11-00A0C91BC942}") = "2 栈的链式存储设计与实现", "栈的链式存储设计与实现\栈的链式存储设计与实现.vcxproj", "{56AD13BE-2135-41C1-B485-4CCE46D1496A}"
EndProject
Project("{2150E333-8FDC-42A3-9474-1A3956D46DE8}") = "应用", "应用", "{B16324B4-BFF6-4522-A6FA-614FD040436F}"
EndProject
Project("{2150E333-8FDC-42A3-9474-1A3956D46DE8}") = "4 树", "4 树", "{1EF8BBBB-AC70-4FAD-A29F-7CD1E3E56A25}"
EndProject
Project("{2150E333-8FDC-42A3-9474-1A3956D46DE8}") = "5 图", "5 图", "{E3513FBF-F041-40E6-A007-E34235067165}"
EndProject
Project("{2150E333-8FDC-42A3-9474-1A3956D46DE8}") = "网络", "网络", "{6FF6F0A1-8E1A-4676-B6E5-D4FEFE80FDCB}"
EndProject
Project("{2150E333-8FDC-42A3-9474-1A3956D46DE8}") = "数据库", "数据库", "{FEAEEE2F-27CC-4129-805D-ECB5AA6A896F}"
EndProject
Project("{8BC9CEB8-8B4A-11D0-8D11-00A0C91BC942}") = "1 就近匹配", "就近匹配\就近匹配.vcxproj", "{82BF38EE-A25C-4107-8016-E09986B9BADE}"
EndProject
Project("{8BC9CEB8-8B4A-11D0-8D11-00A0C91BC942}") = "2 中缀和后缀表达式", "中缀和后缀表达式\中缀和后缀表达式.vcxproj", "{6806FCDF-2448-4B0C-8A10-6755ACE6C086}"
EndProject
Project("{8BC9CEB8-8B4A-11D0-8D11-00A0C91BC942}") = "3 字符串解析", "3 字符串解析\3 字符串解析.vcxproj", "{5CE406D1-8D35-4701-AA65-E86E30FCD38D}"
EndProject
Project("{8BC9CEB8-8B4A-11D0-8D11-00A0C91BC942}") = "4 词法语法分析", "4 词法语法分析\4 词法语法分析.vcxproj", "{54B965C4-7481-4681-B9CD-4FA9A436C107}"
EndProject
Project("{8BC9CEB8-8B4A-11D0-8D11-00A0C91BC942}") = "5 优先级分析", "优先级分析\优先级分析.vcxproj", "{59928880-A403-4A6B-B52B-C980205F9D50}"
EndProject
Project("{2150E333-8FDC-42A3-9474-1A3956D46DE8}") = "C基础", "C基础", "{B30E3815-DA68-488D-8BBC-A7CC1100F805}"
EndProject
Project("{2150E333-8FDC-42A3-9474-1A3956D46DE8}") = "数据类型", "数据类型", "{F2E3491C-5537-43C9-9932-ADE436D69675}"
EndProject
Project("{8BC9CEB8-8B4A-11D0-8D11-00A0C91BC942}") = "结构类型", "结构体的学习\结构体的学习.vcxproj", "{15598D46-7C8D-4001-9B67-84A4706F5B5B}"
EndProject
Project("{8BC9CEB8-8B4A-11D0-8D11-00A0C91BC942}") = "数组", "数组\数组.vcxproj", "{2B4C6686-08D3-4D2B-B635-3C1A3A44D76E}"
EndProject
Project("{2150E333-8FDC-42A3-9474-1A3956D46DE8}") = "文件操作", "文件操作", "{21E16220-5BAB-4407-A8F6-F0736BAB3692}"
EndProject
Project("{2150E333-8FDC-42A3-9474-1A3956D46DE8}") = "3 队列", "3 队列", "{5DE19EDD-23CA-4146-8A55-1CF270464B15}"
	ProjectSection(SolutionItems) = preProject
		note.md = note.md
	EndProjectSection
EndProject
Project("{2150E333-8FDC-42A3-9474-1A3956D46DE8}") = "1 实现", "1 实现", "{2D51A45B-CA40-4DD8-ABE4-8B73DF5ACF76}"
EndProject
Project("{2150E333-8FDC-42A3-9474-1A3956D46DE8}") = "2 应用", "2 应用", "{EB4526CD-C514-4713-B766-A47879C3BA90}"
EndProject
Project("{8BC9CEB8-8B4A-11D0-8D11-00A0C91BC942}") = "1 队列的顺序存储设计与实现", "1 队列的顺序存储设计与实现\1 队列的顺序存储设计与实现.vcxproj", "{E971C5D1-3AA5-46A3-9596-59F70C3B3EF0}"
EndProject
Project("{8BC9CEB8-8B4A-11D0-8D11-00A0C91BC942}") = "2 队列的链式存储设计与实现", "2 队列的线性存储设计与实现\2 队列的线性存储设计与实现.vcxproj", "{809BA6FF-31DB-4AD4-A12A-92D9CEB94D3F}"
EndProject
Project("{2150E333-8FDC-42A3-9474-1A3956D46DE8}") = "1. 实现", "1. 实现", "{433FB49E-777E-4F7A-AE7B-9C898149233C}"
EndProject
Project("{8BC9CEB8-8B4A-11D0-8D11-00A0C91BC942}") = "1 树的顺序存储设计与实现", "1 树的顺序存储设计与实现\1 树的顺序存储设计与实现.vcxproj", "{785F4CDF-EFC9-4D50-892B-E5AA3DBC61AB}"
EndProject
Project("{8BC9CEB8-8B4A-11D0-8D11-00A0C91BC942}") = "2 树的链式存储设计与实现", "2 树的链式存储设计与实现\2 树的链式存储设计与实现.vcxproj", "{DB165D7C-3D0B-409F-A70E-0C495DD730B8}"
EndProject
Project("{8BC9CEB8-8B4A-11D0-8D11-00A0C91BC942}") = "3 树的遍历", "3 树的遍历\3 树的遍历.vcxproj", "{48EA4367-02EC-4837-868E-02D00B181C18}"
EndProject
Global
	GlobalSection(SolutionConfigurationPlatforms) = preSolution
		Debug|x64 = Debug|x64
		Debug|x86 = Debug|x86
		Release|x64 = Release|x64
		Release|x86 = Release|x86
	EndGlobalSection
	GlobalSection(ProjectConfigurationPlatforms) = postSolution
		{B52B7614-AA24-4406-BD25-A8B81C54B14B}.Debug|x64.ActiveCfg = Debug|x64
		{B52B7614-AA24-4406-BD25-A8B81C54B14B}.Debug|x64.Build.0 = Debug|x64
		{B52B7614-AA24-4406-BD25-A8B81C54B14B}.Debug|x86.ActiveCfg = Debug|Win32
		{B52B7614-AA24-4406-BD25-A8B81C54B14B}.Debug|x86.Build.0 = Debug|Win32
		{B52B7614-AA24-4406-BD25-A8B81C54B14B}.Release|x64.ActiveCfg = Release|x64
		{B52B7614-AA24-4406-BD25-A8B81C54B14B}.Release|x64.Build.0 = Release|x64
		{B52B7614-AA24-4406-BD25-A8B81C54B14B}.Release|x86.ActiveCfg = Release|Win32
		{B52B7614-AA24-4406-BD25-A8B81C54B14B}.Release|x86.Build.0 = Release|Win32
		{833A2EBA-8C01-406B-ACAC-B78ED6D7CE32}.Debug|x64.ActiveCfg = Debug|x64
		{833A2EBA-8C01-406B-ACAC-B78ED6D7CE32}.Debug|x64.Build.0 = Debug|x64
		{833A2EBA-8C01-406B-ACAC-B78ED6D7CE32}.Debug|x86.ActiveCfg = Debug|Win32
		{833A2EBA-8C01-406B-ACAC-B78ED6D7CE32}.Debug|x86.Build.0 = Debug|Win32
		{833A2EBA-8C01-406B-ACAC-B78ED6D7CE32}.Release|x64.ActiveCfg = Release|x64
		{833A2EBA-8C01-406B-ACAC-B78ED6D7CE32}.Release|x64.Build.0 = Release|x64
		{833A2EBA-8C01-406B-ACAC-B78ED6D7CE32}.Release|x86.ActiveCfg = Release|Win32
		{833A2EBA-8C01-406B-ACAC-B78ED6D7CE32}.Release|x86.Build.0 = Release|Win32
		{CC2AF4B7-9737-4FE4-AACF-7FD7406DE103}.Debug|x64.ActiveCfg = Debug|x64
		{CC2AF4B7-9737-4FE4-AACF-7FD7406DE103}.Debug|x64.Build.0 = Debug|x64
		{CC2AF4B7-9737-4FE4-AACF-7FD7406DE103}.Debug|x86.ActiveCfg = Debug|Win32
		{CC2AF4B7-9737-4FE4-AACF-7FD7406DE103}.Debug|x86.Build.0 = Debug|Win32
		{CC2AF4B7-9737-4FE4-AACF-7FD7406DE103}.Release|x64.ActiveCfg = Release|x64
		{CC2AF4B7-9737-4FE4-AACF-7FD7406DE103}.Release|x64.Build.0 = Release|x64
		{CC2AF4B7-9737-4FE4-AACF-7FD7406DE103}.Release|x86.ActiveCfg = Release|Win32
		{CC2AF4B7-9737-4FE4-AACF-7FD7406DE103}.Release|x86.Build.0 = Release|Win32
		{7AD47C88-79DD-4296-98F2-B5CC6DD1E4E7}.Debug|x64.ActiveCfg = Debug|x64
		{7AD47C88-79DD-4296-98F2-B5CC6DD1E4E7}.Debug|x64.Build.0 = Debug|x64
		{7AD47C88-79DD-4296-98F2-B5CC6DD1E4E7}.Debug|x86.ActiveCfg = Debug|Win32
		{7AD47C88-79DD-4296-98F2-B5CC6DD1E4E7}.Debug|x86.Build.0 = Debug|Win32
		{7AD47C88-79DD-4296-98F2-B5CC6DD1E4E7}.Release|x64.ActiveCfg = Release|x64
		{7AD47C88-79DD-4296-98F2-B5CC6DD1E4E7}.Release|x64.Build.0 = Release|x64
		{7AD47C88-79DD-4296-98F2-B5CC6DD1E4E7}.Release|x86.ActiveCfg = Release|Win32
		{7AD47C88-79DD-4296-98F2-B5CC6DD1E4E7}.Release|x86.Build.0 = Release|Win32
		{A95CDD78-D3DE-4F86-83F6-783D485EC14A}.Debug|x64.ActiveCfg = Debug|x64
		{A95CDD78-D3DE-4F86-83F6-783D485EC14A}.Debug|x64.Build.0 = Debug|x64
		{A95CDD78-D3DE-4F86-83F6-783D485EC14A}.Debug|x86.ActiveCfg = Debug|Win32
		{A95CDD78-D3DE-4F86-83F6-783D485EC14A}.Debug|x86.Build.0 = Debug|Win32
		{A95CDD78-D3DE-4F86-83F6-783D485EC14A}.Release|x64.ActiveCfg = Release|x64
		{A95CDD78-D3DE-4F86-83F6-783D485EC14A}.Release|x64.Build.0 = Release|x64
		{A95CDD78-D3DE-4F86-83F6-783D485EC14A}.Release|x86.ActiveCfg = Release|Win32
		{A95CDD78-D3DE-4F86-83F6-783D485EC14A}.Release|x86.Build.0 = Release|Win32
		{54C2522E-9A7A-4C6A-9A2F-3EA8F5211229}.Debug|x64.ActiveCfg = Debug|x64
		{54C2522E-9A7A-4C6A-9A2F-3EA8F5211229}.Debug|x64.Build.0 = Debug|x64
		{54C2522E-9A7A-4C6A-9A2F-3EA8F5211229}.Debug|x86.ActiveCfg = Debug|Win32
		{54C2522E-9A7A-4C6A-9A2F-3EA8F5211229}.Debug|x86.Build.0 = Debug|Win32
		{54C2522E-9A7A-4C6A-9A2F-3EA8F5211229}.Release|x64.ActiveCfg = Release|x64
		{54C2522E-9A7A-4C6A-9A2F-3EA8F5211229}.Release|x64.Build.0 = Release|x64
		{54C2522E-9A7A-4C6A-9A2F-3EA8F5211229}.Release|x86.ActiveCfg = Release|Win32
		{54C2522E-9A7A-4C6A-9A2F-3EA8F5211229}.Release|x86.Build.0 = Release|Win32
		{B74E0A8E-EC45-4410-A3C1-D73791C2989D}.Debug|x64.ActiveCfg = Debug|x64
		{B74E0A8E-EC45-4410-A3C1-D73791C2989D}.Debug|x64.Build.0 = Debug|x64
		{B74E0A8E-EC45-4410-A3C1-D73791C2989D}.Debug|x86.ActiveCfg = Debug|Win32
		{B74E0A8E-EC45-4410-A3C1-D73791C2989D}.Debug|x86.Build.0 = Debug|Win32
		{B74E0A8E-EC45-4410-A3C1-D73791C2989D}.Release|x64.ActiveCfg = Release|x64
		{B74E0A8E-EC45-4410-A3C1-D73791C2989D}.Release|x64.Build.0 = Release|x64
		{B74E0A8E-EC45-4410-A3C1-D73791C2989D}.Release|x86.ActiveCfg = Release|Win32
		{B74E0A8E-EC45-4410-A3C1-D73791C2989D}.Release|x86.Build.0 = Release|Win32
		{A177A9B7-BBD7-4490-9B7A-87FF65FB554B}.Debug|x64.ActiveCfg = Debug|x64
		{A177A9B7-BBD7-4490-9B7A-87FF65FB554B}.Debug|x64.Build.0 = Debug|x64
		{A177A9B7-BBD7-4490-9B7A-87FF65FB554B}.Debug|x86.ActiveCfg = Debug|Win32
		{A177A9B7-BBD7-4490-9B7A-87FF65FB554B}.Debug|x86.Build.0 = Debug|Win32
		{A177A9B7-BBD7-4490-9B7A-87FF65FB554B}.Release|x64.ActiveCfg = Release|x64
		{A177A9B7-BBD7-4490-9B7A-87FF65FB554B}.Release|x64.Build.0 = Release|x64
		{A177A9B7-BBD7-4490-9B7A-87FF65FB554B}.Release|x86.ActiveCfg = Release|Win32
		{A177A9B7-BBD7-4490-9B7A-87FF65FB554B}.Release|x86.Build.0 = Release|Win32
		{56AD13BE-2135-41C1-B485-4CCE46D1496A}.Debug|x64.ActiveCfg = Debug|x64
		{56AD13BE-2135-41C1-B485-4CCE46D1496A}.Debug|x64.Build.0 = Debug|x64
		{56AD13BE-2135-41C1-B485-4CCE46D1496A}.Debug|x86.ActiveCfg = Debug|Win32
		{56AD13BE-2135-41C1-B485-4CCE46D1496A}.Debug|x86.Build.0 = Debug|Win32
		{56AD13BE-2135-41C1-B485-4CCE46D1496A}.Release|x64.ActiveCfg = Release|x64
		{56AD13BE-2135-41C1-B485-4CCE46D1496A}.Release|x64.Build.0 = Release|x64
		{56AD13BE-2135-41C1-B485-4CCE46D1496A}.Release|x86.ActiveCfg = Release|Win32
		{56AD13BE-2135-41C1-B485-4CCE46D1496A}.Release|x86.Build.0 = Release|Win32
		{82BF38EE-A25C-4107-8016-E09986B9BADE}.Debug|x64.ActiveCfg = Debug|x64
		{82BF38EE-A25C-4107-8016-E09986B9BADE}.Debug|x64.Build.0 = Debug|x64
		{82BF38EE-A25C-4107-8016-E09986B9BADE}.Debug|x86.ActiveCfg = Debug|Win32
		{82BF38EE-A25C-4107-8016-E09986B9BADE}.Debug|x86.Build.0 = Debug|Win32
		{82BF38EE-A25C-4107-8016-E09986B9BADE}.Release|x64.ActiveCfg = Release|x64
		{82BF38EE-A25C-4107-8016-E09986B9BADE}.Release|x64.Build.0 = Release|x64
		{82BF38EE-A25C-4107-8016-E09986B9BADE}.Release|x86.ActiveCfg = Release|Win32
		{82BF38EE-A25C-4107-8016-E09986B9BADE}.Release|x86.Build.0 = Release|Win32
		{6806FCDF-2448-4B0C-8A10-6755ACE6C086}.Debug|x64.ActiveCfg = Debug|x64
		{6806FCDF-2448-4B0C-8A10-6755ACE6C086}.Debug|x64.Build.0 = Debug|x64
		{6806FCDF-2448-4B0C-8A10-6755ACE6C086}.Debug|x86.ActiveCfg = Debug|Win32
		{6806FCDF-2448-4B0C-8A10-6755ACE6C086}.Debug|x86.Build.0 = Debug|Win32
		{6806FCDF-2448-4B0C-8A10-6755ACE6C086}.Release|x64.ActiveCfg = Release|x64
		{6806FCDF-2448-4B0C-8A10-6755ACE6C086}.Release|x64.Build.0 = Release|x64
		{6806FCDF-2448-4B0C-8A10-6755ACE6C086}.Release|x86.ActiveCfg = Release|Win32
		{6806FCDF-2448-4B0C-8A10-6755ACE6C086}.Release|x86.Build.0 = Release|Win32
		{5CE406D1-8D35-4701-AA65-E86E30FCD38D}.Debug|x64.ActiveCfg = Debug|x64
		{5CE406D1-8D35-4701-AA65-E86E30FCD38D}.Debug|x64.Build.0 = Debug|x64
		{5CE406D1-8D35-4701-AA65-E86E30FCD38D}.Debug|x86.ActiveCfg = Debug|Win32
		{5CE406D1-8D35-4701-AA65-E86E30FCD38D}.Debug|x86.Build.0 = Debug|Win32
		{5CE406D1-8D35-4701-AA65-E86E30FCD38D}.Release|x64.ActiveCfg = Release|x64
		{5CE406D1-8D35-4701-AA65-E86E30FCD38D}.Release|x64.Build.0 = Release|x64
		{5CE406D1-8D35-4701-AA65-E86E30FCD38D}.Release|x86.ActiveCfg = Release|Win32
		{5CE406D1-8D35-4701-AA65-E86E30FCD38D}.Release|x86.Build.0 = Release|Win32
		{54B965C4-7481-4681-B9CD-4FA9A436C107}.Debug|x64.ActiveCfg = Debug|x64
		{54B965C4-7481-4681-B9CD-4FA9A436C107}.Debug|x64.Build.0 = Debug|x64
		{54B965C4-7481-4681-B9CD-4FA9A436C107}.Debug|x86.ActiveCfg = Debug|Win32
		{54B965C4-7481-4681-B9CD-4FA9A436C107}.Debug|x86.Build.0 = Debug|Win32
		{54B965C4-7481-4681-B9CD-4FA9A436C107}.Release|x64.ActiveCfg = Release|x64
		{54B965C4-7481-4681-B9CD-4FA9A436C107}.Release|x64.Build.0 = Release|x64
		{54B965C4-7481-4681-B9CD-4FA9A436C107}.Release|x86.ActiveCfg = Release|Win32
		{54B965C4-7481-4681-B9CD-4FA9A436C107}.Release|x86.Build.0 = Release|Win32
		{59928880-A403-4A6B-B52B-C980205F9D50}.Debug|x64.ActiveCfg = Debug|x64
		{59928880-A403-4A6B-B52B-C980205F9D50}.Debug|x64.Build.0 = Debug|x64
		{59928880-A403-4A6B-B52B-C980205F9D50}.Debug|x86.ActiveCfg = Debug|Win32
		{59928880-A403-4A6B-B52B-C980205F9D50}.Debug|x86.Build.0 = Debug|Win32
		{59928880-A403-4A6B-B52B-C980205F9D50}.Release|x64.ActiveCfg = Release|x64
		{59928880-A403-4A6B-B52B-C980205F9D50}.Release|x64.Build.0 = Release|x64
		{59928880-A403-4A6B-B52B-C980205F9D50}.Release|x86.ActiveCfg = Release|Win32
		{59928880-A403-4A6B-B52B-C980205F9D50}.Release|x86.Build.0 = Release|Win32
		{15598D46-7C8D-4001-9B67-84A4706F5B5B}.Debug|x64.ActiveCfg = Debug|x64
		{15598D46-7C8D-4001-9B67-84A4706F5B5B}.Debug|x64.Build.0 = Debug|x64
		{15598D46-7C8D-4001-9B67-84A4706F5B5B}.Debug|x86.ActiveCfg = Debug|Win32
		{15598D46-7C8D-4001-9B67-84A4706F5B5B}.Debug|x86.Build.0 = Debug|Win32
		{15598D46-7C8D-4001-9B67-84A4706F5B5B}.Release|x64.ActiveCfg = Release|x64
		{15598D46-7C8D-4001-9B67-84A4706F5B5B}.Release|x64.Build.0 = Release|x64
		{15598D46-7C8D-4001-9B67-84A4706F5B5B}.Release|x86.ActiveCfg = Release|Win32
		{15598D46-7C8D-4001-9B67-84A4706F5B5B}.Release|x86.Build.0 = Release|Win32
		{2B4C6686-08D3-4D2B-B635-3C1A3A44D76E}.Debug|x64.ActiveCfg = Debug|x64
		{2B4C6686-08D3-4D2B-B635-3C1A3A44D76E}.Debug|x64.Build.0 = Debug|x64
		{2B4C6686-08D3-4D2B-B635-3C1A3A44D76E}.Debug|x86.ActiveCfg = Debug|Win32
		{2B4C6686-08D3-4D2B-B635-3C1A3A44D76E}.Debug|x86.Build.0 = Debug|Win32
		{2B4C6686-08D3-4D2B-B635-3C1A3A44D76E}.Release|x64.ActiveCfg = Release|x64
		{2B4C6686-08D3-4D2B-B635-3C1A3A44D76E}.Release|x64.Build.0 = Release|x64
		{2B4C6686-08D3-4D2B-B635-3C1A3A44D76E}.Release|x86.ActiveCfg = Release|Win32
		{2B4C6686-08D3-4D2B-B635-3C1A3A44D76E}.Release|x86.Build.0 = Release|Win32
		{E971C5D1-3AA5-46A3-9596-59F70C3B3EF0}.Debug|x64.ActiveCfg = Debug|x64
		{E971C5D1-3AA5-46A3-9596-59F70C3B3EF0}.Debug|x64.Build.0 = Debug|x64
		{E971C5D1-3AA5-46A3-9596-59F70C3B3EF0}.Debug|x86.ActiveCfg = Debug|Win32
		{E971C5D1-3AA5-46A3-9596-59F70C3B3EF0}.Debug|x86.Build.0 = Debug|Win32
		{E971C5D1-3AA5-46A3-9596-59F70C3B3EF0}.Release|x64.ActiveCfg = Release|x64
		{E971C5D1-3AA5-46A3-9596-59F70C3B3EF0}.Release|x64.Build.0 = Release|x64
		{E971C5D1-3AA5-46A3-9596-59F70C3B3EF0}.Release|x86.ActiveCfg = Release|Win32
		{E971C5D1-3AA5-46A3-9596-59F70C3B3EF0}.Release|x86.Build.0 = Release|Win32
		{809BA6FF-31DB-4AD4-A12A-92D9CEB94D3F}.Debug|x64.ActiveCfg = Debug|x64
		{809BA6FF-31DB-4AD4-A12A-92D9CEB94D3F}.Debug|x64.Build.0 = Debug|x64
		{809BA6FF-31DB-4AD4-A12A-92D9CEB94D3F}.Debug|x86.ActiveCfg = Debug|Win32
		{809BA6FF-31DB-4AD4-A12A-92D9CEB94D3F}.Debug|x86.Build.0 = Debug|Win32
		{809BA6FF-31DB-4AD4-A12A-92D9CEB94D3F}.Release|x64.ActiveCfg = Release|x64
		{809BA6FF-31DB-4AD4-A12A-92D9CEB94D3F}.Release|x64.Build.0 = Release|x64
		{809BA6FF-31DB-4AD4-A12A-92D9CEB94D3F}.Release|x86.ActiveCfg = Release|Win32
		{809BA6FF-31DB-4AD4-A12A-92D9CEB94D3F}.Release|x86.Build.0 = Release|Win32
		{785F4CDF-EFC9-4D50-892B-E5AA3DBC61AB}.Debug|x64.ActiveCfg = Debug|x64
		{785F4CDF-EFC9-4D50-892B-E5AA3DBC61AB}.Debug|x64.Build.0 = Debug|x64
		{785F4CDF-EFC9-4D50-892B-E5AA3DBC61AB}.Debug|x86.ActiveCfg = Debug|Win32
		{785F4CDF-EFC9-4D50-892B-E5AA3DBC61AB}.Debug|x86.Build.0 = Debug|Win32
		{785F4CDF-EFC9-4D50-892B-E5AA3DBC61AB}.Release|x64.ActiveCfg = Release|x64
		{785F4CDF-EFC9-4D50-892B-E5AA3DBC61AB}.Release|x64.Build.0 = Release|x64
		{785F4CDF-EFC9-4D50-892B-E5AA3DBC61AB}.Release|x86.ActiveCfg = Release|Win32
		{785F4CDF-EFC9-4D50-892B-E5AA3DBC61AB}.Release|x86.Build.0 = Release|Win32
		{DB165D7C-3D0B-409F-A70E-0C495DD730B8}.Debug|x64.ActiveCfg = Debug|x64
		{DB165D7C-3D0B-409F-A70E-0C495DD730B8}.Debug|x64.Build.0 = Debug|x64
		{DB165D7C-3D0B-409F-A70E-0C495DD730B8}.Debug|x86.ActiveCfg = Debug|Win32
		{DB165D7C-3D0B-409F-A70E-0C495DD730B8}.Debug|x86.Build.0 = Debug|Win32
		{DB165D7C-3D0B-409F-A70E-0C495DD730B8}.Release|x64.ActiveCfg = Release|x64
		{DB165D7C-3D0B-409F-A70E-0C495DD730B8}.Release|x64.Build.0 = Release|x64
		{DB165D7C-3D0B-409F-A70E-0C495DD730B8}.Release|x86.ActiveCfg = Release|Win32
		{DB165D7C-3D0B-409F-A70E-0C495DD730B8}.Release|x86.Build.0 = Release|Win32
		{48EA4367-02EC-4837-868E-02D00B181C18}.Debug|x64.ActiveCfg = Debug|x64
		{48EA4367-02EC-4837-868E-02D00B181C18}.Debug|x64.Build.0 = Debug|x64
		{48EA4367-02EC-4837-868E-02D00B181C18}.Debug|x86.ActiveCfg = Debug|Win32
		{48EA4367-02EC-4837-868E-02D00B181C18}.Debug|x86.Build.0 = Debug|Win32
		{48EA4367-02EC-4837-868E-02D00B181C18}.Release|x64.ActiveCfg = Release|x64
		{48EA4367-02EC-4837-868E-02D00B181C18}.Release|x64.Build.0 = Release|x64
		{48EA4367-02EC-4837-868E-02D00B181C18}.Release|x86.ActiveCfg = Release|Win32
		{48EA4367-02EC-4837-868E-02D00B181C18}.Release|x86.Build.0 = Release|Win32
	EndGlobalSection
	GlobalSection(SolutionProperties) = preSolution
		HideSolutionNode = FALSE
	EndGlobalSection
	GlobalSection(NestedProjects) = preSolution
		{B52B7614-AA24-4406-BD25-A8B81C54B14B} = {2F29F529-1310-4A5B-A3EA-54E381122C73}
		{833A2EBA-8C01-406B-ACAC-B78ED6D7CE32} = {2F29F529-1310-4A5B-A3EA-54E381122C73}
		{5CE482B5-8C4E-49C2-95F4-7DE106D62838} = {D980E2D2-7936-4E28-A636-56041A9C030F}
		{CC2AF4B7-9737-4FE4-AACF-7FD7406DE103} = {5CE482B5-8C4E-49C2-95F4-7DE106D62838}
		{7AD47C88-79DD-4296-98F2-B5CC6DD1E4E7} = {5CE482B5-8C4E-49C2-95F4-7DE106D62838}
		{A95CDD78-D3DE-4F86-83F6-783D485EC14A} = {5CE482B5-8C4E-49C2-95F4-7DE106D62838}
		{54C2522E-9A7A-4C6A-9A2F-3EA8F5211229} = {5CE482B5-8C4E-49C2-95F4-7DE106D62838}
		{9EA2CEA7-E26C-4BBF-B12D-183A03A9E6AF} = {DC6B6CD9-2398-48AB-8BA3-F3CA9DFD8B65}
		{B74E0A8E-EC45-4410-A3C1-D73791C2989D} = {5CE482B5-8C4E-49C2-95F4-7DE106D62838}
		{C43F7F65-7E6E-442E-BFD4-BE839C70058E} = {D980E2D2-7936-4E28-A636-56041A9C030F}
		{A177A9B7-BBD7-4490-9B7A-87FF65FB554B} = {C43F7F65-7E6E-442E-BFD4-BE839C70058E}
		{56AD13BE-2135-41C1-B485-4CCE46D1496A} = {C43F7F65-7E6E-442E-BFD4-BE839C70058E}
		{B16324B4-BFF6-4522-A6FA-614FD040436F} = {C43F7F65-7E6E-442E-BFD4-BE839C70058E}
		{1EF8BBBB-AC70-4FAD-A29F-7CD1E3E56A25} = {D980E2D2-7936-4E28-A636-56041A9C030F}
		{E3513FBF-F041-40E6-A007-E34235067165} = {D980E2D2-7936-4E28-A636-56041A9C030F}
		{82BF38EE-A25C-4107-8016-E09986B9BADE} = {B16324B4-BFF6-4522-A6FA-614FD040436F}
		{6806FCDF-2448-4B0C-8A10-6755ACE6C086} = {B16324B4-BFF6-4522-A6FA-614FD040436F}
		{5CE406D1-8D35-4701-AA65-E86E30FCD38D} = {B16324B4-BFF6-4522-A6FA-614FD040436F}
		{54B965C4-7481-4681-B9CD-4FA9A436C107} = {B16324B4-BFF6-4522-A6FA-614FD040436F}
		{59928880-A403-4A6B-B52B-C980205F9D50} = {B16324B4-BFF6-4522-A6FA-614FD040436F}
		{F2E3491C-5537-43C9-9932-ADE436D69675} = {B30E3815-DA68-488D-8BBC-A7CC1100F805}
		{15598D46-7C8D-4001-9B67-84A4706F5B5B} = {F2E3491C-5537-43C9-9932-ADE436D69675}
		{2B4C6686-08D3-4D2B-B635-3C1A3A44D76E} = {F2E3491C-5537-43C9-9932-ADE436D69675}
		{21E16220-5BAB-4407-A8F6-F0736BAB3692} = {B30E3815-DA68-488D-8BBC-A7CC1100F805}
		{5DE19EDD-23CA-4146-8A55-1CF270464B15} = {D980E2D2-7936-4E28-A636-56041A9C030F}
		{2D51A45B-CA40-4DD8-ABE4-8B73DF5ACF76} = {5DE19EDD-23CA-4146-8A55-1CF270464B15}
		{EB4526CD-C514-4713-B766-A47879C3BA90} = {5DE19EDD-23CA-4146-8A55-1CF270464B15}
		{E971C5D1-3AA5-46A3-9596-59F70C3B3EF0} = {2D51A45B-CA40-4DD8-ABE4-8B73DF5ACF76}
		{809BA6FF-31DB-4AD4-A12A-92D9CEB94D3F} = {2D51A45B-CA40-4DD8-ABE4-8B73DF5ACF76}
		{433FB49E-777E-4F7A-AE7B-9C898149233C} = {1EF8BBBB-AC70-4FAD-A29F-7CD1E3E56A25}
		{785F4CDF-EFC9-4D50-892B-E5AA3DBC61AB} = {433FB49E-777E-4F7A-AE7B-9C898149233C}
		{DB165D7C-3D0B-409F-A70E-0C495DD730B8} = {433FB49E-777E-4F7A-AE7B-9C898149233C}
		{48EA4367-02EC-4837-868E-02D00B181C18} = {433FB49E-777E-4F7A-AE7B-9C898149233C}
	EndGlobalSection
	GlobalSection(ExtensibilityGlobals) = postSolution
		SolutionGuid = {D25E7594-8F0B-4D88-BA60-A65486C5683F}
	EndGlobalSection
EndGlobal
